PODS:
  - Bolts (1.1.1)
  - Facebook-iOS-SDK (3.17.0):
    - Bolts
  - Parse (1.2.20):
    - Facebook-iOS-SDK (~> 3.11)

DEPENDENCIES:
  - Parse

SPEC CHECKSUMS:
  Bolts: 0ca796081c3e7c139bd86d6903c27f1b83036a5d
  Facebook-iOS-SDK: f20274d809f112ba540842e2b6cbe50128d51b7b
  Parse: 28c0dc54f30201a369d29a2f76c09fa43b2add16

COCOAPODS: 0.33.1
